// !$*UTF8*$!
{
	archiveVersion = 1;
	classes = {
	};
	objectVersion = 48;
	objects = {

/* Begin PBXBuildFile section */
		37A1F8B91F992EDD00F6A2C3 /* AppDelegate.swift in Sources */ = {isa = PBXBuildFile; fileRef = 37A1F8B81F992EDD00F6A2C3 /* AppDelegate.swift */; };
		37A1F8BB1F992EDD00F6A2C3 /* ViewController.swift in Sources */ = {isa = PBXBuildFile; fileRef = 37A1F8BA1F992EDD00F6A2C3 /* ViewController.swift */; };
		37A1F8BE1F992EDD00F6A2C3 /* Main.storyboard in Resources */ = {isa = PBXBuildFile; fileRef = 37A1F8BC1F992EDD00F6A2C3 /* Main.storyboard */; };
		37A1F8C01F992EDD00F6A2C3 /* Assets.xcassets in Resources */ = {isa = PBXBuildFile; fileRef = 37A1F8BF1F992EDD00F6A2C3 /* Assets.xcassets */; };
		37A1F8C31F992EDD00F6A2C3 /* LaunchScreen.storyboard in Resources */ = {isa = PBXBuildFile; fileRef = 37A1F8C11F992EDD00F6A2C3 /* LaunchScreen.storyboard */; };
		37D056661F998685008CE5E6 /* DiscoveryViewController.swift in Sources */ = {isa = PBXBuildFile; fileRef = 37D056651F998685008CE5E6 /* DiscoveryViewController.swift */; };
		71DD38D0E5F78509453C275B /* Pods_ITM.framework in Frameworks */ = {isa = PBXBuildFile; fileRef = A7F808F025A97A6CDA95955C /* Pods_ITM.framework */; };
/* End PBXBuildFile section */

/* Begin PBXFileReference section */
		37A1F8B51F992EDD00F6A2C3 /* ITM.app */ = {isa = PBXFileReference; explicitFileType = wrapper.application; includeInIndex = 0; path = ITM.app; sourceTree = BUILT_PRODUCTS_DIR; };
		37A1F8B81F992EDD00F6A2C3 /* AppDelegate.swift */ = {isa = PBXFileReference; lastKnownFileType = sourcecode.swift; path = AppDelegate.swift; sourceTree = "<group>"; };
		37A1F8BA1F992EDD00F6A2C3 /* ViewController.swift */ = {isa = PBXFileReference; lastKnownFileType = sourcecode.swift; path = ViewController.swift; sourceTree = "<group>"; };
		37A1F8BD1F992EDD00F6A2C3 /* Base */ = {isa = PBXFileReference; lastKnownFileType = file.storyboard; name = Base; path = Base.lproj/Main.storyboard; sourceTree = "<group>"; };
		37A1F8BF1F992EDD00F6A2C3 /* Assets.xcassets */ = {isa = PBXFileReference; lastKnownFileType = folder.assetcatalog; path = Assets.xcassets; sourceTree = "<group>"; };
		37A1F8C21F992EDD00F6A2C3 /* Base */ = {isa = PBXFileReference; lastKnownFileType = file.storyboard; name = Base; path = Base.lproj/LaunchScreen.storyboard; sourceTree = "<group>"; };
		37A1F8C41F992EDD00F6A2C3 /* Info.plist */ = {isa = PBXFileReference; lastKnownFileType = text.plist.xml; path = Info.plist; sourceTree = "<group>"; };
		37A1F8CA1F99371E00F6A2C3 /* GoogleService-Info.plist */ = {isa = PBXFileReference; lastKnownFileType = text.plist.xml; path = "GoogleService-Info.plist"; sourceTree = "<group>"; };
		37D056651F998685008CE5E6 /* DiscoveryViewController.swift */ = {isa = PBXFileReference; lastKnownFileType = sourcecode.swift; path = DiscoveryViewController.swift; sourceTree = "<group>"; };
		A7F808F025A97A6CDA95955C /* Pods_ITM.framework */ = {isa = PBXFileReference; explicitFileType = wrapper.framework; includeInIndex = 0; path = Pods_ITM.framework; sourceTree = BUILT_PRODUCTS_DIR; };
		CC59B42BCE92E23B55CC5AB4 /* Pods-ITM.debug.xcconfig */ = {isa = PBXFileReference; includeInIndex = 1; lastKnownFileType = text.xcconfig; name = "Pods-ITM.debug.xcconfig"; path = "Pods/Target Support Files/Pods-ITM/Pods-ITM.debug.xcconfig"; sourceTree = "<group>"; };
		E273D8488873D99194F19591 /* Pods-ITM.release.xcconfig */ = {isa = PBXFileReference; includeInIndex = 1; lastKnownFileType = text.xcconfig; name = "Pods-ITM.release.xcconfig"; path = "Pods/Target Support Files/Pods-ITM/Pods-ITM.release.xcconfig"; sourceTree = "<group>"; };
/* End PBXFileReference section */

/* Begin PBXFrameworksBuildPhase section */
		37A1F8B21F992EDD00F6A2C3 /* Frameworks */ = {
			isa = PBXFrameworksBuildPhase;
			buildActionMask = 2147483647;
			files = (
				71DD38D0E5F78509453C275B /* Pods_ITM.framework in Frameworks */,
			);
			runOnlyForDeploymentPostprocessing = 0;
		};
/* End PBXFrameworksBuildPhase section */

/* Begin PBXGroup section */
		37A1F8AC1F992EDD00F6A2C3 = {
			isa = PBXGroup;
			children = (
				37A1F8B71F992EDD00F6A2C3 /* ITM */,
				37A1F8B61F992EDD00F6A2C3 /* Products */,
				CB4A1D230C48A239DF425237 /* Pods */,
				F93C5C5620093297C1358CBC /* Frameworks */,
			);
			sourceTree = "<group>";
		};
		37A1F8B61F992EDD00F6A2C3 /* Products */ = {
			isa = PBXGroup;
			children = (
				37A1F8B51F992EDD00F6A2C3 /* ITM.app */,
			);
			name = Products;
			sourceTree = "<group>";
		};
		37A1F8B71F992EDD00F6A2C3 /* ITM */ = {
			isa = PBXGroup;
			children = (
				37A1F8B81F992EDD00F6A2C3 /* AppDelegate.swift */,
				37A1F8BA1F992EDD00F6A2C3 /* ViewController.swift */,
				37A1F8BC1F992EDD00F6A2C3 /* Main.storyboard */,
				37A1F8BF1F992EDD00F6A2C3 /* Assets.xcassets */,
				37A1F8C11F992EDD00F6A2C3 /* LaunchScreen.storyboard */,
				37A1F8C41F992EDD00F6A2C3 /* Info.plist */,
				37A1F8CA1F99371E00F6A2C3 /* GoogleService-Info.plist */,
				37D056651F998685008CE5E6 /* DiscoveryViewController.swift */,
			);
			path = ITM;
			sourceTree = "<group>";
		};
		CB4A1D230C48A239DF425237 /* Pods */ = {
			isa = PBXGroup;
			children = (
				CC59B42BCE92E23B55CC5AB4 /* Pods-ITM.debug.xcconfig */,
				E273D8488873D99194F19591 /* Pods-ITM.release.xcconfig */,
			);
			name = Pods;
			sourceTree = "<group>";
		};
		F93C5C5620093297C1358CBC /* Frameworks */ = {
			isa = PBXGroup;
			children = (
				A7F808F025A97A6CDA95955C /* Pods_ITM.framework */,
			);
			name = Frameworks;
			sourceTree = "<group>";
		};
/* End PBXGroup section */

/* Begin PBXNativeTarget section */
		37A1F8B41F992EDD00F6A2C3 /* ITM */ = {
			isa = PBXNativeTarget;
			buildConfigurationList = 37A1F8C71F992EDD00F6A2C3 /* Build configuration list for PBXNativeTarget "ITM" */;
			buildPhases = (
				BEB2BAA2352C4703489E6F05 /* [CP] Check Pods Manifest.lock */,
				37A1F8B11F992EDD00F6A2C3 /* Sources */,
				37A1F8B21F992EDD00F6A2C3 /* Frameworks */,
				37A1F8B31F992EDD00F6A2C3 /* Resources */,
				8324D43FF61A25B928050DE9 /* [CP] Embed Pods Frameworks */,
				6C997DB0B05487221493C34A /* [CP] Copy Pods Resources */,
			);
			buildRules = (
			);
			dependencies = (
			);
			name = ITM;
			productName = ITM;
			productReference = 37A1F8B51F992EDD00F6A2C3 /* ITM.app */;
			productType = "com.apple.product-type.application";
		};
/* End PBXNativeTarget section */

/* Begin PBXProject section */
		37A1F8AD1F992EDD00F6A2C3 /* Project object */ = {
			isa = PBXProject;
			attributes = {
				LastSwiftUpdateCheck = 0900;
				LastUpgradeCheck = 0900;
				ORGANIZATIONNAME = "Rolman De los Santos";
				TargetAttributes = {
					37A1F8B41F992EDD00F6A2C3 = {
						CreatedOnToolsVersion = 9.0;
						ProvisioningStyle = Automatic;
					};
				};
			};
			buildConfigurationList = 37A1F8B01F992EDD00F6A2C3 /* Build configuration list for PBXProject "ITM" */;
			compatibilityVersion = "Xcode 8.0";
			developmentRegion = en;
			hasScannedForEncodings = 0;
			knownRegions = (
				en,
				Base,
			);
			mainGroup = 37A1F8AC1F992EDD00F6A2C3;
			productRefGroup = 37A1F8B61F992EDD00F6A2C3 /* Products */;
			projectDirPath = "";
			projectRoot = "";
			targets = (
				37A1F8B41F992EDD00F6A2C3 /* ITM */,
			);
		};
/* End PBXProject section */

/* Begin PBXResourcesBuildPhase section */
		37A1F8B31F992EDD00F6A2C3 /* Resources */ = {
			isa = PBXResourcesBuildPhase;
			buildActionMask = 2147483647;
			files = (
				37A1F8C31F992EDD00F6A2C3 /* LaunchScreen.storyboard in Resources */,
				37A1F8C01F992EDD00F6A2C3 /* Assets.xcassets in Resources */,
				37A1F8BE1F992EDD00F6A2C3 /* Main.storyboard in Resources */,
			);
			runOnlyForDeploymentPostprocessing = 0;
		};
/* End PBXResourcesBuildPhase section */

/* Begin PBXShellScriptBuildPhase section */
		6C997DB0B05487221493C34A /* [CP] Copy Pods Resources */ = {
			isa = PBXShellScriptBuildPhase;
			buildActionMask = 2147483647;
			files = (
			);
			inputPaths = (
			);
			name = "[CP] Copy Pods Resources";
			outputPaths = (
			);
			runOnlyForDeploymentPostprocessing = 0;
			shellPath = /bin/sh;
			shellScript = "\"${SRCROOT}/Pods/Target Support Files/Pods-ITM/Pods-ITM-resources.sh\"\n";
			showEnvVarsInLog = 0;
		};
		8324D43FF61A25B928050DE9 /* [CP] Embed Pods Frameworks */ = {
			isa = PBXShellScriptBuildPhase;
			buildActionMask = 2147483647;
			files = (
			);
			inputPaths = (
				"${SRCROOT}/Pods/Target Support Files/Pods-ITM/Pods-ITM-frameworks.sh",
				"${BUILT_PRODUCTS_DIR}/GTMSessionFetcher/GTMSessionFetcher.framework",
				"${BUILT_PRODUCTS_DIR}/GoogleToolboxForMac/GoogleToolboxForMac.framework",
				"${PODS_ROOT}/Mapbox-iOS-SDK/dynamic/Mapbox.framework",
				"${PODS_ROOT}/Mapbox-iOS-SDK/dynamic/Mapbox.framework.dSYM",
				"${BUILT_PRODUCTS_DIR}/Protobuf/Protobuf.framework",
				"${BUILT_PRODUCTS_DIR}/nanopb/nanopb.framework",
			);
			name = "[CP] Embed Pods Frameworks";
			outputPaths = (
				"${TARGET_BUILD_DIR}/${FRAMEWORKS_FOLDER_PATH}/GTMSessionFetcher.framework",
				"${TARGET_BUILD_DIR}/${FRAMEWORKS_FOLDER_PATH}/GoogleToolboxForMac.framework",
				"${TARGET_BUILD_DIR}/${FRAMEWORKS_FOLDER_PATH}/Mapbox.framework",
				"${DWARF_DSYM_FOLDER_PATH}/Mapbox.framework.dSYM",
				"${TARGET_BUILD_DIR}/${FRAMEWORKS_FOLDER_PATH}/Protobuf.framework",
				"${TARGET_BUILD_DIR}/${FRAMEWORKS_FOLDER_PATH}/nanopb.framework",
			);
			runOnlyForDeploymentPostprocessing = 0;
			shellPath = /bin/sh;
			shellScript = "\"${SRCROOT}/Pods/Target Support Files/Pods-ITM/Pods-ITM-frameworks.sh\"\n";
			showEnvVarsInLog = 0;
		};
		BEB2BAA2352C4703489E6F05 /* [CP] Check Pods Manifest.lock */ = {
			isa = PBXShellScriptBuildPhase;
			buildActionMask = 2147483647;
			files = (
			);
			inputPaths = (
				"${PODS_PODFILE_DIR_PATH}/Podfile.lock",
				"${PODS_ROOT}/Manifest.lock",
			);
			name = "[CP] Check Pods Manifest.lock";
			outputPaths = (
				"$(DERIVED_FILE_DIR)/Pods-ITM-checkManifestLockResult.txt",
			);
			runOnlyForDeploymentPostprocessing = 0;
			shellPath = /bin/sh;
			shellScript = "diff \"${PODS_PODFILE_DIR_PATH}/Podfile.lock\" \"${PODS_ROOT}/Manifest.lock\" > /dev/null\nif [ $? != 0 ] ; then\n    # print error to STDERR\n    echo \"error: The sandbox is not in sync with the Podfile.lock. Run 'pod install' or update your CocoaPods installation.\" >&2\n    exit 1\nfi\n# This output is used by Xcode 'outputs' to avoid re-running this script phase.\necho \"SUCCESS\" > \"${SCRIPT_OUTPUT_FILE_0}\"\n";
			showEnvVarsInLog = 0;
		};
/* End PBXShellScriptBuildPhase section */

/* Begin PBXSourcesBuildPhase section */
		37A1F8B11F992EDD00F6A2C3 /* Sources */ = {
			isa = PBXSourcesBuildPhase;
			buildActionMask = 2147483647;
			files = (
				37A1F8BB1F992EDD00F6A2C3 /* ViewController.swift in Sources */,
				37D056661F998685008CE5E6 /* DiscoveryViewController.swift in Sources */,
				37A1F8B91F992EDD00F6A2C3 /* AppDelegate.swift in Sources */,
			);
			runOnlyForDeploymentPostprocessing = 0;
		};
/* End PBXSourcesBuildPhase section */

/* Begin PBXVariantGroup section */
		37A1F8BC1F992EDD00F6A2C3 /* Main.storyboard */ = {
			isa = PBXVariantGroup;
			children = (
				37A1F8BD1F992EDD00F6A2C3 /* Base */,
			);
			name = Main.storyboard;
			sourceTree = "<group>";
		};
		37A1F8C11F992EDD00F6A2C3 /* LaunchScreen.storyboard */ = {
			isa = PBXVariantGroup;
			children = (
				37A1F8C21F992EDD00F6A2C3 /* Base */,
			);
			name = LaunchScreen.storyboard;
			sourceTree = "<group>";
		};
/* End PBXVariantGroup section */

/* Begin XCBuildConfiguration section */
		37A1F8C51F992EDD00F6A2C3 /* Debug */ = {
			isa = XCBuildConfiguration;
			buildSettings = {
				ALWAYS_SEARCH_USER_PATHS = NO;
				CLANG_ANALYZER_NONNULL = YES;
				CLANG_ANALYZER_NUMBER_OBJECT_CONVERSION = YES_AGGRESSIVE;
				CLANG_CXX_LANGUAGE_STANDARD = "gnu++14";
				CLANG_CXX_LIBRARY = "libc++";
				CLANG_ENABLE_MODULES = YES;
				CLANG_ENABLE_OBJC_ARC = YES;
				CLANG_WARN_BLOCK_CAPTURE_AUTORELEASING = YES;
				CLANG_WARN_BOOL_CONVERSION = YES;
				CLANG_WARN_COMMA = YES;
				CLANG_WARN_CONSTANT_CONVERSION = YES;
				CLANG_WARN_DIRECT_OBJC_ISA_USAGE = YES_ERROR;
				CLANG_WARN_DOCUMENTATION_COMMENTS = YES;
				CLANG_WARN_EMPTY_BODY = YES;
				CLANG_WARN_ENUM_CONVERSION = YES;
				CLANG_WARN_INFINITE_RECURSION = YES;
				CLANG_WARN_INT_CONVERSION = YES;
				CLANG_WARN_NON_LITERAL_NULL_CONVERSION = YES;
				CLANG_WARN_OBJC_LITERAL_CONVERSION = YES;
				CLANG_WARN_OBJC_ROOT_CLASS = YES_ERROR;
				CLANG_WARN_RANGE_LOOP_ANALYSIS = YES;
				CLANG_WARN_STRICT_PROTOTYPES = YES;
				CLANG_WARN_SUSPICIOUS_MOVE = YES;
				CLANG_WARN_UNGUARDED_AVAILABILITY = YES_AGGRESSIVE;
				CLANG_WARN_UNREACHABLE_CODE = YES;
				CLANG_WARN__DUPLICATE_METHOD_MATCH = YES;
				CODE_SIGN_IDENTITY = "iPhone Developer";
				COPY_PHASE_STRIP = NO;
				DEBUG_INFORMATION_FORMAT = dwarf;
				ENABLE_STRICT_OBJC_MSGSEND = YES;
				ENABLE_TESTABILITY = YES;
				GCC_C_LANGUAGE_STANDARD = gnu11;
				GCC_DYNAMIC_NO_PIC = NO;
				GCC_NO_COMMON_BLOCKS = YES;
				GCC_OPTIMIZATION_LEVEL = 0;
				GCC_PREPROCESSOR_DEFINITIONS = (
					"DEBUG=1",
					"$(inherited)",
				);
				GCC_WARN_64_TO_32_BIT_CONVERSION = YES;
				GCC_WARN_ABOUT_RETURN_TYPE = YES_ERROR;
				GCC_WARN_UNDECLARED_SELECTOR = YES;
				GCC_WARN_UNINITIALIZED_AUTOS = YES_AGGRESSIVE;
				GCC_WARN_UNUSED_FUNCTION = YES;
				GCC_WARN_UNUSED_VARIABLE = YES;
				IPHONEOS_DEPLOYMENT_TARGET = 11.0;
				MTL_ENABLE_DEBUG_INFO = YES;
				ONLY_ACTIVE_ARCH = YES;
				SDKROOT = iphoneos;
				SWIFT_ACTIVE_COMPILATION_CONDITIONS = DEBUG;
				SWIFT_OPTIMIZATION_LEVEL = "-Onone";
			};
			name = Debug;
		};
		37A1F8C61F992EDD00F6A2C3 /* Release */ = {
			isa = XCBuildConfiguration;
			buildSettings = {
				ALWAYS_SEARCH_USER_PATHS = NO;
				CLANG_ANALYZER_NONNULL = YES;
				CLANG_ANALYZER_NUMBER_OBJECT_CONVERSION = YES_AGGRESSIVE;
				CLANG_CXX_LANGUAGE_STANDARD = "gnu++14";
				CLANG_CXX_LIBRARY = "libc++";
				CLANG_ENABLE_MODULES = YES;
				CLANG_ENABLE_OBJC_ARC = YES;
				CLANG_WARN_BLOCK_CAPTURE_AUTORELEASING = YES;
				CLANG_WARN_BOOL_CONVERSION = YES;
				CLANG_WARN_COMMA = YES;
				CLANG_WARN_CONSTANT_CONVERSION = YES;
				CLANG_WARN_DIRECT_OBJC_ISA_USAGE = YES_ERROR;
				CLANG_WARN_DOCUMENTATION_COMMENTS = YES;
				CLANG_WARN_EMPTY_BODY = YES;
				CLANG_WARN_ENUM_CONVERSION = YES;
				CLANG_WARN_INFINITE_RECURSION = YES;
				CLANG_WARN_INT_CONVERSION = YES;
				CLANG_WARN_NON_LITERAL_NULL_CONVERSION = YES;
				CLANG_WARN_OBJC_LITERAL_CONVERSION = YES;
				CLANG_WARN_OBJC_ROOT_CLASS = YES_ERROR;
				CLANG_WARN_RANGE_LOOP_ANALYSIS = YES;
				CLANG_WARN_STRICT_PROTOTYPES = YES;
				CLANG_WARN_SUSPICIOUS_MOVE = YES;
				CLANG_WARN_UNGUARDED_AVAILABILITY = YES_AGGRESSIVE;
				CLANG_WARN_UNREACHABLE_CODE = YES;
				CLANG_WARN__DUPLICATE_METHOD_MATCH = YES;
				CODE_SIGN_IDENTITY = "iPhone Developer";
				COPY_PHASE_STRIP = NO;
				DEBUG_INFORMATION_FORMAT = "dwarf-with-dsym";
				ENABLE_NS_ASSERTIONS = NO;
				ENABLE_STRICT_OBJC_MSGSEND = YES;
				GCC_C_LANGUAGE_STANDARD = gnu11;
				GCC_NO_COMMON_BLOCKS = YES;
				GCC_WARN_64_TO_32_BIT_CONVERSION = YES;
				GCC_WARN_ABOUT_RETURN_TYPE = YES_ERROR;
				GCC_WARN_UNDECLARED_SELECTOR = YES;
				GCC_WARN_UNINITIALIZED_AUTOS = YES_AGGRESSIVE;
				GCC_WARN_UNUSED_FUNCTION = YES;
				GCC_WARN_UNUSED_VARIABLE = YES;
				IPHONEOS_DEPLOYMENT_TARGET = 11.0;
				MTL_ENABLE_DEBUG_INFO = NO;
				SDKROOT = iphoneos;
				SWIFT_OPTIMIZATION_LEVEL = "-Owholemodule";
				VALIDATE_PRODUCT = YES;
			};
			name = Release;
		};
		37A1F8C81F992EDD00F6A2C3 /* Debug */ = {
			isa = XCBuildConfiguration;
			baseConfigurationReference = CC59B42BCE92E23B55CC5AB4 /* Pods-ITM.debug.xcconfig */;
			buildSettings = {
				ASSETCATALOG_COMPILER_APPICON_NAME = AppIcon;
				CODE_SIGN_STYLE = Automatic;
				DEVELOPMENT_TEAM = G2E866EHC3;
				INFOPLIST_FILE = ITM/Info.plist;
				LD_RUNPATH_SEARCH_PATHS = "$(inherited) @executable_path/Frameworks";
				PRODUCT_BUNDLE_IDENTIFIER = com.rolman.ITM;
				PRODUCT_NAME = "$(TARGET_NAME)";
				SWIFT_VERSION = 4.0;
				TARGETED_DEVICE_FAMILY = "1,2";
			};
			name = Debug;
		};
		37A1F8C91F992EDD00F6A2C3 /* Release */ = {
			isa = XCBuildConfiguration;
			baseConfigurationReference = E273D8488873D99194F19591 /* Pods-ITM.release.xcconfig */;
			buildSettings = {
				ASSETCATALOG_COMPILER_APPICON_NAME = AppIcon;
				CODE_SIGN_STYLE = Automatic;
				DEVELOPMENT_TEAM = G2E866EHC3;
				INFOPLIST_FILE = ITM/Info.plist;
				LD_RUNPATH_SEARCH_PATHS = "$(inherited) @executable_path/Frameworks";
				PRODUCT_BUNDLE_IDENTIFIER = com.rolman.ITM;
				PRODUCT_NAME = "$(TARGET_NAME)";
				SWIFT_VERSION = 4.0;
				TARGETED_DEVICE_FAMILY = "1,2";
			};
			name = Release;
		};
/* End XCBuildConfiguration section */

/* Begin XCConfigurationList section */
		37A1F8B01F992EDD00F6A2C3 /* Build configuration list for PBXProject "ITM" */ = {
			isa = XCConfigurationList;
			buildConfigurations = (
				37A1F8C51F992EDD00F6A2C3 /* Debug */,
				37A1F8C61F992EDD00F6A2C3 /* Release */,
			);
			defaultConfigurationIsVisible = 0;
			defaultConfigurationName = Release;
		};
		37A1F8C71F992EDD00F6A2C3 /* Build configuration list for PBXNativeTarget "ITM" */ = {
			isa = XCConfigurationList;
			buildConfigurations = (
				37A1F8C81F992EDD00F6A2C3 /* Debug */,
				37A1F8C91F992EDD00F6A2C3 /* Release */,
			);
			defaultConfigurationIsVisible = 0;
			defaultConfigurationName = Release;
		};
/* End XCConfigurationList section */
	};
	rootObject = 37A1F8AD1F992EDD00F6A2C3 /* Project object */;
}
